{
  "name": "ngx-webrtc-lib",
  "version": "2.0.0",
  "lockfileVersion": 1,
  "requires": true,
  "dependencies": {
    "agora-rtc-sdk": {
      "version": "3.6.9",
      "resolved": "https://registry.npmjs.org/agora-rtc-sdk/-/agora-rtc-sdk-3.6.9.tgz",
      "integrity": "sha512-+EkZMfH1DNoppYMhOmxrbukwe43V2aYcvm1SwubumoAWqvzLD/VUb50I8wJXdfUjlRrOLwGJ1g9B12J/lnwbdg=="
    },
    "ngx-agora": {
      "version": "2.0.1",
      "resolved": "https://registry.npmjs.org/ngx-agora/-/ngx-agora-2.0.1.tgz",
      "integrity": "sha512-ff+4O4XsOBr4/vWbtaR6Wyz9uqDni/tGVF5a5TZ+1nx2SmT1lTRxul1AdUXQvmkD2p7x+rwncFSXT4U/G8N6fA==",
      "requires": {
        "tslib": "^1.9.0"
      },
      "dependencies": {
        "tslib": {
          "version": "1.14.1",
          "resolved": "https://registry.npmjs.org/tslib/-/tslib-1.14.1.tgz",
          "integrity": "sha512-Xni35NKzjgMrwevysHTCArtLDpPvye8zV/0E4EyYn43P7/7qvQwPh9BGkHewbMulVntbigmcT7rdX3BNo9wRJg=="
        }
      }
    },
    "tslib": {
      "version": "2.3.1",
      "resolved": "https://registry.npmjs.org/tslib/-/tslib-2.3.1.tgz",
      "integrity": "sha512-77EbyPPpMz+FRFRuAFlWMtmgUWGe9UOG2Z25NqCwiIjRhOf5iKGuzSe5P2w1laq+FkRy4p+PCuVkJSGkzTEKVw=="
    }
  }
}
